// !$*UTF8*$!
{
	archiveVersion = 1;
	classes = {
	};
	objectVersion = 56;
	objects = {

/* Begin PBXBuildFile section */
		C31386AA2C2312F10099AAE2 /* Himanshu.storyboard in Resources */ = {isa = PBXBuildFile; fileRef = C31386A92C2312F10099AAE2 /* Himanshu.storyboard */; };
		C31386AC2C2312FD0099AAE2 /* HimanshuVC.swift in Sources */ = {isa = PBXBuildFile; fileRef = C31386AB2C2312FD0099AAE2 /* HimanshuVC.swift */; };
		C318A3A92C22FB6F00A0717B /* AppDelegate.swift in Sources */ = {isa = PBXBuildFile; fileRef = C318A3A82C22FB6F00A0717B /* AppDelegate.swift */; };
		C318A3AB2C22FB6F00A0717B /* SceneDelegate.swift in Sources */ = {isa = PBXBuildFile; fileRef = C318A3AA2C22FB6F00A0717B /* SceneDelegate.swift */; };
		C318A3AD2C22FB6F00A0717B /* ViewController.swift in Sources */ = {isa = PBXBuildFile; fileRef = C318A3AC2C22FB6F00A0717B /* ViewController.swift */; };
		C318A3B02C22FB6F00A0717B /* Base in Resources */ = {isa = PBXBuildFile; fileRef = C318A3AF2C22FB6F00A0717B /* Base */; };
		C318A3B32C22FB6F00A0717B /* Github_Collab_Practise.xcdatamodeld in Sources */ = {isa = PBXBuildFile; fileRef = C318A3B12C22FB6F00A0717B /* Github_Collab_Practise.xcdatamodeld */; };
		C318A3B52C22FB7100A0717B /* Assets.xcassets in Resources */ = {isa = PBXBuildFile; fileRef = C318A3B42C22FB7100A0717B /* Assets.xcassets */; };
		C318A3B82C22FB7100A0717B /* Base in Resources */ = {isa = PBXBuildFile; fileRef = C318A3B72C22FB7100A0717B /* Base */; };
/* End PBXBuildFile section */

/* Begin PBXFileReference section */
		C31386A92C2312F10099AAE2 /* Himanshu.storyboard */ = {isa = PBXFileReference; lastKnownFileType = file.storyboard; path = Himanshu.storyboard; sourceTree = "<group>"; };
		C31386AB2C2312FD0099AAE2 /* HimanshuVC.swift */ = {isa = PBXFileReference; lastKnownFileType = sourcecode.swift; path = HimanshuVC.swift; sourceTree = "<group>"; };
		C318A3A52C22FB6F00A0717B /* Github_Collab_Practise.app */ = {isa = PBXFileReference; explicitFileType = wrapper.application; includeInIndex = 0; path = Github_Collab_Practise.app; sourceTree = BUILT_PRODUCTS_DIR; };
		C318A3A82C22FB6F00A0717B /* AppDelegate.swift */ = {isa = PBXFileReference; lastKnownFileType = sourcecode.swift; path = AppDelegate.swift; sourceTree = "<group>"; };
		C318A3AA2C22FB6F00A0717B /* SceneDelegate.swift */ = {isa = PBXFileReference; lastKnownFileType = sourcecode.swift; path = SceneDelegate.swift; sourceTree = "<group>"; };
		C318A3AC2C22FB6F00A0717B /* ViewController.swift */ = {isa = PBXFileReference; lastKnownFileType = sourcecode.swift; path = ViewController.swift; sourceTree = "<group>"; };
		C318A3AF2C22FB6F00A0717B /* Base */ = {isa = PBXFileReference; lastKnownFileType = file.storyboard; name = Base; path = Base.lproj/Main.storyboard; sourceTree = "<group>"; };
		C318A3B22C22FB6F00A0717B /* Github_Collab_Practise.xcdatamodel */ = {isa = PBXFileReference; lastKnownFileType = wrapper.xcdatamodel; path = Github_Collab_Practise.xcdatamodel; sourceTree = "<group>"; };
		C318A3B42C22FB7100A0717B /* Assets.xcassets */ = {isa = PBXFileReference; lastKnownFileType = folder.assetcatalog; path = Assets.xcassets; sourceTree = "<group>"; };
		C318A3B72C22FB7100A0717B /* Base */ = {isa = PBXFileReference; lastKnownFileType = file.storyboard; name = Base; path = Base.lproj/LaunchScreen.storyboard; sourceTree = "<group>"; };
		C318A3B92C22FB7100A0717B /* Info.plist */ = {isa = PBXFileReference; lastKnownFileType = text.plist.xml; path = Info.plist; sourceTree = "<group>"; };
/* End PBXFileReference section */

/* Begin PBXFrameworksBuildPhase section */
		C318A3A22C22FB6F00A0717B /* Frameworks */ = {
			isa = PBXFrameworksBuildPhase;
			buildActionMask = 2147483647;
			files = (
			);
			runOnlyForDeploymentPostprocessing = 0;
		};
/* End PBXFrameworksBuildPhase section */

/* Begin PBXGroup section */
		C313869F2C2307E50099AAE2 /* UI */ = {
			isa = PBXGroup;
			children = (
				C318A3AE2C22FB6F00A0717B /* Main.storyboard */,
				C31386A92C2312F10099AAE2 /* Himanshu.storyboard */,
			);
			path = UI;
			sourceTree = "<group>";
		};
		C31386A02C2307ED0099AAE2 /* ViewController */ = {
			isa = PBXGroup;
			children = (
				C318A3AC2C22FB6F00A0717B /* ViewController.swift */,
				C31386AB2C2312FD0099AAE2 /* HimanshuVC.swift */,
			);
			path = ViewController;
			sourceTree = "<group>";
		};
		C318A39C2C22FB6F00A0717B = {
			isa = PBXGroup;
			children = (
				C318A3A72C22FB6F00A0717B /* Github_Collab_Practise */,
				C318A3A62C22FB6F00A0717B /* Products */,
			);
			sourceTree = "<group>";
		};
		C318A3A62C22FB6F00A0717B /* Products */ = {
			isa = PBXGroup;
			children = (
				C318A3A52C22FB6F00A0717B /* Github_Collab_Practise.app */,
			);
			name = Products;
			sourceTree = "<group>";
		};
		C318A3A72C22FB6F00A0717B /* Github_Collab_Practise */ = {
			isa = PBXGroup;
			children = (
				C31386A02C2307ED0099AAE2 /* ViewController */,
				C313869F2C2307E50099AAE2 /* UI */,
				C318A3A82C22FB6F00A0717B /* AppDelegate.swift */,
				C318A3AA2C22FB6F00A0717B /* SceneDelegate.swift */,
				C318A3B42C22FB7100A0717B /* Assets.xcassets */,
				C318A3B62C22FB7100A0717B /* LaunchScreen.storyboard */,
				C318A3B92C22FB7100A0717B /* Info.plist */,
				C318A3B12C22FB6F00A0717B /* Github_Collab_Practise.xcdatamodeld */,
			);
			path = Github_Collab_Practise;
			sourceTree = "<group>";
		};
/* End PBXGroup section */

/* Begin PBXNativeTarget section */
		C318A3A42C22FB6F00A0717B /* Github_Collab_Practise */ = {
			isa = PBXNativeTarget;
			buildConfigurationList = C318A3BC2C22FB7100A0717B /* Build configuration list for PBXNativeTarget "Github_Collab_Practise" */;
			buildPhases = (
				C318A3A12C22FB6F00A0717B /* Sources */,
				C318A3A22C22FB6F00A0717B /* Frameworks */,
				C318A3A32C22FB6F00A0717B /* Resources */,
			);
			buildRules = (
			);
			dependencies = (
			);
			name = Github_Collab_Practise;
			productName = Github_Collab_Practise;
			productReference = C318A3A52C22FB6F00A0717B /* Github_Collab_Practise.app */;
			productType = "com.apple.product-type.application";
		};
/* End PBXNativeTarget section */

/* Begin PBXProject section */
		C318A39D2C22FB6F00A0717B /* Project object */ = {
			isa = PBXProject;
			attributes = {
				BuildIndependentTargetsInParallel = 1;
				LastSwiftUpdateCheck = 1530;
				LastUpgradeCheck = 1530;
				TargetAttributes = {
					C318A3A42C22FB6F00A0717B = {
						CreatedOnToolsVersion = 15.3;
					};
				};
			};
			buildConfigurationList = C318A3A02C22FB6F00A0717B /* Build configuration list for PBXProject "Github_Collab_Practise" */;
			compatibilityVersion = "Xcode 14.0";
			developmentRegion = en;
			hasScannedForEncodings = 0;
			knownRegions = (
				en,
				Base,
			);
			mainGroup = C318A39C2C22FB6F00A0717B;
			productRefGroup = C318A3A62C22FB6F00A0717B /* Products */;
			projectDirPath = "";
			projectRoot = "";
			targets = (
				C318A3A42C22FB6F00A0717B /* Github_Collab_Practise */,
			);
		};
/* End PBXProject section */

/* Begin PBXResourcesBuildPhase section */
		C318A3A32C22FB6F00A0717B /* Resources */ = {
			isa = PBXResourcesBuildPhase;
			buildActionMask = 2147483647;
			files = (
				C318A3B52C22FB7100A0717B /* Assets.xcassets in Resources */,
				C318A3B82C22FB7100A0717B /* Base in Resources */,
				C318A3B02C22FB6F00A0717B /* Base in Resources */,
				C31386AA2C2312F10099AAE2 /* Himanshu.storyboard in Resources */,
			);
			runOnlyForDeploymentPostprocessing = 0;
		};
/* End PBXResourcesBuildPhase section */

/* Begin PBXSourcesBuildPhase section */
		C318A3A12C22FB6F00A0717B /* Sources */ = {
			isa = PBXSourcesBuildPhase;
			buildActionMask = 2147483647;
			files = (
				C318A3B32C22FB6F00A0717B /* Github_Collab_Practise.xcdatamodeld in Sources */,
				C31386AC2C2312FD0099AAE2 /* HimanshuVC.swift in Sources */,
				C318A3AD2C22FB6F00A0717B /* ViewController.swift in Sources */,
				C318A3A92C22FB6F00A0717B /* AppDelegate.swift in Sources */,
				C318A3AB2C22FB6F00A0717B /* SceneDelegate.swift in Sources */,
			);
			runOnlyForDeploymentPostprocessing = 0;
		};
/* End PBXSourcesBuildPhase section */

/* Begin PBXVariantGroup section */
		C318A3AE2C22FB6F00A0717B /* Main.storyboard */ = {
			isa = PBXVariantGroup;
			children = (
				C318A3AF2C22FB6F00A0717B /* Base */,
			);
			name = Main.storyboard;
			sourceTree = "<group>";
		};
		C318A3B62C22FB7100A0717B /* LaunchScreen.storyboard */ = {
			isa = PBXVariantGroup;
			children = (
				C318A3B72C22FB7100A0717B /* Base */,
			);
			name = LaunchScreen.storyboard;
			sourceTree = "<group>";
		};
/* End PBXVariantGroup section */

/* Begin XCBuildConfiguration section */
		C318A3BA2C22FB7100A0717B /* Debug */ = {
			isa = XCBuildConfiguration;
			buildSettings = {
				ALWAYS_SEARCH_USER_PATHS = NO;
				ASSETCATALOG_COMPILER_GENERATE_SWIFT_ASSET_SYMBOL_EXTENSIONS = YES;
				CLANG_ANALYZER_NONNULL = YES;
				CLANG_ANALYZER_NUMBER_OBJECT_CONVERSION = YES_AGGRESSIVE;
				CLANG_CXX_LANGUAGE_STANDARD = "gnu++20";
				CLANG_ENABLE_MODULES = YES;
				CLANG_ENABLE_OBJC_ARC = YES;
				CLANG_ENABLE_OBJC_WEAK = YES;
				CLANG_WARN_BLOCK_CAPTURE_AUTORELEASING = YES;
				CLANG_WARN_BOOL_CONVERSION = YES;
				CLANG_WARN_COMMA = YES;
				CLANG_WARN_CONSTANT_CONVERSION = YES;
				CLANG_WARN_DEPRECATED_OBJC_IMPLEMENTATIONS = YES;
				CLANG_WARN_DIRECT_OBJC_ISA_USAGE = YES_ERROR;
				CLANG_WARN_DOCUMENTATION_COMMENTS = YES;
				CLANG_WARN_EMPTY_BODY = YES;
				CLANG_WARN_ENUM_CONVERSION = YES;
				CLANG_WARN_INFINITE_RECURSION = YES;
				CLANG_WARN_INT_CONVERSION = YES;
				CLANG_WARN_NON_LITERAL_NULL_CONVERSION = YES;
				CLANG_WARN_OBJC_IMPLICIT_RETAIN_SELF = YES;
				CLANG_WARN_OBJC_LITERAL_CONVERSION = YES;
				CLANG_WARN_OBJC_ROOT_CLASS = YES_ERROR;
				CLANG_WARN_QUOTED_INCLUDE_IN_FRAMEWORK_HEADER = YES;
				CLANG_WARN_RANGE_LOOP_ANALYSIS = YES;
				CLANG_WARN_STRICT_PROTOTYPES = YES;
				CLANG_WARN_SUSPICIOUS_MOVE = YES;
				CLANG_WARN_UNGUARDED_AVAILABILITY = YES_AGGRESSIVE;
				CLANG_WARN_UNREACHABLE_CODE = YES;
				CLANG_WARN__DUPLICATE_METHOD_MATCH = YES;
				COPY_PHASE_STRIP = NO;
				DEBUG_INFORMATION_FORMAT = dwarf;
				ENABLE_STRICT_OBJC_MSGSEND = YES;
				ENABLE_TESTABILITY = YES;
				ENABLE_USER_SCRIPT_SANDBOXING = YES;
				GCC_C_LANGUAGE_STANDARD = gnu17;
				GCC_DYNAMIC_NO_PIC = NO;
				GCC_NO_COMMON_BLOCKS = YES;
				GCC_OPTIMIZATION_LEVEL = 0;
				GCC_PREPROCESSOR_DEFINITIONS = (
					"DEBUG=1",
					"$(inherited)",
				);
				GCC_WARN_64_TO_32_BIT_CONVERSION = YES;
				GCC_WARN_ABOUT_RETURN_TYPE = YES_ERROR;
				GCC_WARN_UNDECLARED_SELECTOR = YES;
				GCC_WARN_UNINITIALIZED_AUTOS = YES_AGGRESSIVE;
				GCC_WARN_UNUSED_FUNCTION = YES;
				GCC_WARN_UNUSED_VARIABLE = YES;
				IPHONEOS_DEPLOYMENT_TARGET = 17.4;
				LOCALIZATION_PREFERS_STRING_CATALOGS = YES;
				MTL_ENABLE_DEBUG_INFO = INCLUDE_SOURCE;
				MTL_FAST_MATH = YES;
				ONLY_ACTIVE_ARCH = YES;
				SDKROOT = iphoneos;
				SWIFT_ACTIVE_COMPILATION_CONDITIONS = "DEBUG $(inherited)";
				SWIFT_OPTIMIZATION_LEVEL = "-Onone";
			};
			name = Debug;
		};
		C318A3BB2C22FB7100A0717B /* Release */ = {
			isa = XCBuildConfiguration;
			buildSettings = {
				ALWAYS_SEARCH_USER_PATHS = NO;
				ASSETCATALOG_COMPILER_GENERATE_SWIFT_ASSET_SYMBOL_EXTENSIONS = YES;
				CLANG_ANALYZER_NONNULL = YES;
				CLANG_ANALYZER_NUMBER_OBJECT_CONVERSION = YES_AGGRESSIVE;
				CLANG_CXX_LANGUAGE_STANDARD = "gnu++20";
				CLANG_ENABLE_MODULES = YES;
				CLANG_ENABLE_OBJC_ARC = YES;
				CLANG_ENABLE_OBJC_WEAK = YES;
				CLANG_WARN_BLOCK_CAPTURE_AUTORELEASING = YES;
				CLANG_WARN_BOOL_CONVERSION = YES;
				CLANG_WARN_COMMA = YES;
				CLANG_WARN_CONSTANT_CONVERSION = YES;
				CLANG_WARN_DEPRECATED_OBJC_IMPLEMENTATIONS = YES;
				CLANG_WARN_DIRECT_OBJC_ISA_USAGE = YES_ERROR;
				CLANG_WARN_DOCUMENTATION_COMMENTS = YES;
				CLANG_WARN_EMPTY_BODY = YES;
				CLANG_WARN_ENUM_CONVERSION = YES;
				CLANG_WARN_INFINITE_RECURSION = YES;
				CLANG_WARN_INT_CONVERSION = YES;
				CLANG_WARN_NON_LITERAL_NULL_CONVERSION = YES;
				CLANG_WARN_OBJC_IMPLICIT_RETAIN_SELF = YES;
				CLANG_WARN_OBJC_LITERAL_CONVERSION = YES;
				CLANG_WARN_OBJC_ROOT_CLASS = YES_ERROR;
				CLANG_WARN_QUOTED_INCLUDE_IN_FRAMEWORK_HEADER = YES;
				CLANG_WARN_RANGE_LOOP_ANALYSIS = YES;
				CLANG_WARN_STRICT_PROTOTYPES = YES;
				CLANG_WARN_SUSPICIOUS_MOVE = YES;
				CLANG_WARN_UNGUARDED_AVAILABILITY = YES_AGGRESSIVE;
				CLANG_WARN_UNREACHABLE_CODE = YES;
				CLANG_WARN__DUPLICATE_METHOD_MATCH = YES;
				COPY_PHASE_STRIP = NO;
				DEBUG_INFORMATION_FORMAT = "dwarf-with-dsym";
				ENABLE_NS_ASSERTIONS = NO;
				ENABLE_STRICT_OBJC_MSGSEND = YES;
				ENABLE_USER_SCRIPT_SANDBOXING = YES;
				GCC_C_LANGUAGE_STANDARD = gnu17;
				GCC_NO_COMMON_BLOCKS = YES;
				GCC_WARN_64_TO_32_BIT_CONVERSION = YES;
				GCC_WARN_ABOUT_RETURN_TYPE = YES_ERROR;
				GCC_WARN_UNDECLARED_SELECTOR = YES;
				GCC_WARN_UNINITIALIZED_AUTOS = YES_AGGRESSIVE;
				GCC_WARN_UNUSED_FUNCTION = YES;
				GCC_WARN_UNUSED_VARIABLE = YES;
				IPHONEOS_DEPLOYMENT_TARGET = 17.4;
				LOCALIZATION_PREFERS_STRING_CATALOGS = YES;
				MTL_ENABLE_DEBUG_INFO = NO;
				MTL_FAST_MATH = YES;
				SDKROOT = iphoneos;
				SWIFT_COMPILATION_MODE = wholemodule;
				VALIDATE_PRODUCT = YES;
			};
			name = Release;
		};
		C318A3BD2C22FB7100A0717B /* Debug */ = {
			isa = XCBuildConfiguration;
			buildSettings = {
				ASSETCATALOG_COMPILER_APPICON_NAME = AppIcon;
				ASSETCATALOG_COMPILER_GLOBAL_ACCENT_COLOR_NAME = AccentColor;
				CODE_SIGN_STYLE = Automatic;
				CURRENT_PROJECT_VERSION = 1;
				GENERATE_INFOPLIST_FILE = YES;
				INFOPLIST_FILE = Github_Collab_Practise/Info.plist;
				INFOPLIST_KEY_UIApplicationSupportsIndirectInputEvents = YES;
				INFOPLIST_KEY_UILaunchStoryboardName = LaunchScreen;
				INFOPLIST_KEY_UIMainStoryboardFile = Main;
				INFOPLIST_KEY_UISupportedInterfaceOrientations_iPad = "UIInterfaceOrientationPortrait UIInterfaceOrientationPortraitUpsideDown UIInterfaceOrientationLandscapeLeft UIInterfaceOrientationLandscapeRight";
				INFOPLIST_KEY_UISupportedInterfaceOrientations_iPhone = "UIInterfaceOrientationPortrait UIInterfaceOrientationLandscapeLeft UIInterfaceOrientationLandscapeRight";
				LD_RUNPATH_SEARCH_PATHS = (
					"$(inherited)",
					"@executable_path/Frameworks",
				);
				MARKETING_VERSION = 1.0;
				PRODUCT_BUNDLE_IDENTIFIER = "com.wcg.HF18.Github-Collab-Practise";
				PRODUCT_NAME = "$(TARGET_NAME)";
				SWIFT_EMIT_LOC_STRINGS = YES;
				SWIFT_VERSION = 5.0;
				TARGETED_DEVICE_FAMILY = "1,2";
			};
			name = Debug;
		};
		C318A3BE2C22FB7100A0717B /* Release */ = {
			isa = XCBuildConfiguration;
			buildSettings = {
				ASSETCATALOG_COMPILER_APPICON_NAME = AppIcon;
				ASSETCATALOG_COMPILER_GLOBAL_ACCENT_COLOR_NAME = AccentColor;
				CODE_SIGN_STYLE = Automatic;
				CURRENT_PROJECT_VERSION = 1;
				GENERATE_INFOPLIST_FILE = YES;
				INFOPLIST_FILE = Github_Collab_Practise/Info.plist;
				INFOPLIST_KEY_UIApplicationSupportsIndirectInputEvents = YES;
				INFOPLIST_KEY_UILaunchStoryboardName = LaunchScreen;
				INFOPLIST_KEY_UIMainStoryboardFile = Main;
				INFOPLIST_KEY_UISupportedInterfaceOrientations_iPad = "UIInterfaceOrientationPortrait UIInterfaceOrientationPortraitUpsideDown UIInterfaceOrientationLandscapeLeft UIInterfaceOrientationLandscapeRight";
				INFOPLIST_KEY_UISupportedInterfaceOrientations_iPhone = "UIInterfaceOrientationPortrait UIInterfaceOrientationLandscapeLeft UIInterfaceOrientationLandscapeRight";
				LD_RUNPATH_SEARCH_PATHS = (
					"$(inherited)",
					"@executable_path/Frameworks",
				);
				MARKETING_VERSION = 1.0;
				PRODUCT_BUNDLE_IDENTIFIER = "com.wcg.HF18.Github-Collab-Practise";
				PRODUCT_NAME = "$(TARGET_NAME)";
				SWIFT_EMIT_LOC_STRINGS = YES;
				SWIFT_VERSION = 5.0;
				TARGETED_DEVICE_FAMILY = "1,2";
			};
			name = Release;
		};
/* End XCBuildConfiguration section */

/* Begin XCConfigurationList section */
		C318A3A02C22FB6F00A0717B /* Build configuration list for PBXProject "Github_Collab_Practise" */ = {
			isa = XCConfigurationList;
			buildConfigurations = (
				C318A3BA2C22FB7100A0717B /* Debug */,
				C318A3BB2C22FB7100A0717B /* Release */,
			);
			defaultConfigurationIsVisible = 0;
			defaultConfigurationName = Release;
		};
		C318A3BC2C22FB7100A0717B /* Build configuration list for PBXNativeTarget "Github_Collab_Practise" */ = {
			isa = XCConfigurationList;
			buildConfigurations = (
				C318A3BD2C22FB7100A0717B /* Debug */,
				C318A3BE2C22FB7100A0717B /* Release */,
			);
			defaultConfigurationIsVisible = 0;
			defaultConfigurationName = Release;
		};
/* End XCConfigurationList section */

/* Begin XCVersionGroup section */
		C318A3B12C22FB6F00A0717B /* Github_Collab_Practise.xcdatamodeld */ = {
			isa = XCVersionGroup;
			children = (
				C318A3B22C22FB6F00A0717B /* Github_Collab_Practise.xcdatamodel */,
			);
			currentVersion = C318A3B22C22FB6F00A0717B /* Github_Collab_Practise.xcdatamodel */;
			path = Github_Collab_Practise.xcdatamodeld;
			sourceTree = "<group>";
			versionGroupType = wrapper.xcdatamodel;
		};
/* End XCVersionGroup section */
	};
	rootObject = C318A39D2C22FB6F00A0717B /* Project object */;
}
